<?xml version="1.0" encoding="UTF-8" standalone="yes" ?>
<CodeBlocks_project_file>
	<FileVersion major="1" minor="6" />
	<Project>
		<Option title="Tp01" />
		<Option pch_mode="2" />
		<Option compiler="gcc" />
		<Build>
			<Target title="Debug">
				<Option output="bin/Debug/Tp01" prefix_auto="1" extension_auto="1" />
				<Option object_output="obj/Debug/" />
				<Option type="1" />
				<Option compiler="gcc" />
				<Option use_console_runner="0" />
				<Option projectLinkerOptionsRelation="2" />
				<Compiler>
					<Add option="-g" />
					<Add option="`pkg-config --cflags`" />
				</Compiler>
				<Linker>
					<Add option="`pkg-config --libs opencv`" />
				</Linker>
			</Target>
			<Target title="Release">
				<Option output="bin/Release/Tp01" prefix_auto="1" extension_auto="1" />
				<Option object_output="obj/Release/" />
				<Option type="0" />
				<Option compiler="gcc" />
				<Option projectLinkerOptionsRelation="2" />
				<Compiler>
					<Add option="-O2" />
					<Add option="`pkg-config --cflags`" />
				</Compiler>
				<Linker>
					<Add option="-s" />
					<Add option="`pkg-config --libs opencv`" />
				</Linker>
			</Target>
		</Build>
		<Compiler>
			<Add option="-Wall" />
			<Add option="`wx-config --cflags`" />
			<Add option="`pkg-config --cflags`" />
			<Add option='[[if (GetCompilerFactory().GetCompilerVersionString(_T(&quot;gcc&quot;)) &gt;= _T(&quot;4.8.0&quot;)) print(_T(&quot;-Wno-unused-local-typedefs&quot;));]]' />
		</Compiler>
		<Linker>
			<Add option="`wx-config --libs`" />
			<Add option="`pkg-config --libs opencv`" />
		</Linker>
		<Unit filename="MyEnhenceDialog.cpp" />
		<Unit filename="MyEnhenceDialog.hpp" />
		<Unit filename="MyHistorogram.cpp" />
		<Unit filename="MyHistorogram.h" />
		<Unit filename="MyImage.cpp" />
		<Unit filename="MyImage.hpp" />
		<Unit filename="MyMirrorDialog.cpp" />
		<Unit filename="MyMirrorDialog.h" />
		<Unit filename="MyPosterizeDialog.cpp" />
		<Unit filename="MyPosterizeDialog.hpp" />
		<Unit filename="MyRotateDialog.cpp" />
		<Unit filename="MyRotateDialog.h" />
		<Unit filename="MyThresholdDialog.cpp" />
		<Unit filename="MyThresholdDialog.hpp" />
		<Unit filename="ThresholdDialog.cpp" />
		<Unit filename="ThresholdDialog.h" />
		<Unit filename="hello_world.cpp" />
		<Unit filename="opencv_bridge.c">
			<Option compilerVar="CC" />
		</Unit>
		<Unit filename="opencv_bridge.h" />
		<Unit filename="wxsmith/MyMirrorDialog.wxs" />
		<Unit filename="wxsmith/MyRotateDialog.wxs" />
		<Extensions>
			<envvars />
			<code_completion />
			<debugger />
			<lib_finder disable_auto="1" />
			<wxsmith version="1">
				<resources>
					<wxDialog wxs="wxsmith/MyRotateDialog.wxs" src="MyRotateDialog.cpp" hdr="MyRotateDialog.h" fwddecl="0" i18n="1" name="MyRotateDialog" language="CPP" />
					<wxDialog wxs="wxsmith/MyMirrorDialog.wxs" src="MyMirrorDialog.cpp" hdr="MyMirrorDialog.h" fwddecl="0" i18n="1" name="MyMirrorDialog" language="CPP" />
				</resources>
			</wxsmith>
		</Extensions>
	</Project>
</CodeBlocks_project_file>
